
Microsoft Visual Studio Solution File, Format Version 12.00
# Visual Studio Version 17
VisualStudioVersion = 17.3.32819.101
MinimumVisualStudioVersion = 10.0.40219.1
Project("{FAE04EC0-301F-11D3-BF4B-00C04F79EFBC}") = "TurneroMVC", "TurneroMVC\TurneroMVC.csproj", "{7990C950-33E9-4AB8-9664-5AADA79D69AF}"
EndProject
Global
	GlobalSection(SolutionConfigurationPlatforms) = preSolution
		Debug|Any CPU = Debug|Any CPU
		Release|Any CPU = Release|Any CPU
	EndGlobalSection
	GlobalSection(ProjectConfigurationPlatforms) = postSolution
		{7990C950-33E9-4AB8-9664-5AADA79D69AF}.Debug|Any CPU.ActiveCfg = Debug|Any CPU
		{7990C950-33E9-4AB8-9664-5AADA79D69AF}.Debug|Any CPU.Build.0 = Debug|Any CPU
		{7990C950-33E9-4AB8-9664-5AADA79D69AF}.Release|Any CPU.ActiveCfg = Release|Any CPU
		{7990C950-33E9-4AB8-9664-5AADA79D69AF}.Release|Any CPU.Build.0 = Release|Any CPU
	EndGlobalSection
	GlobalSection(SolutionProperties) = preSolution
		HideSolutionNode = FALSE
	EndGlobalSection
	GlobalSection(ExtensibilityGlobals) = postSolution
		SolutionGuid = {E0D44336-4679-4AC2-AE41-9A5DBA32CDD6}
	EndGlobalSection
EndGlobal
